{
  "version": 4,
  "terraform_version": "1.6.5",
  "serial": 245,
  "lineage": "7104fdc3-44ea-aa6e-a87b-94fd24d8dd5a",
  "outputs": {},
  "resources": [
    {
      "mode": "data",
      "type": "archive_file",
      "name": "zip_the_python_code",
      "provider": "provider[\"registry.terraform.io/hashicorp/archive\"]",
      "instances": [
        {
          "schema_version": 0,
          "attributes": {
            "exclude_symlink_directories": null,
            "excludes": null,
            "id": "250f881d08a060e7a6b82b9b5eac189ffc3ea721",
            "output_base64sha256": "zg8wYmZ9MU1/488CrKEt30l0OMKZRL7EK9eq7LWH/y8=",
            "output_base64sha512": "3bqtwMUOzyJzEKBuT6tDocx3ZJEXKk61DUGXfNRXW00+veaQB09BWV3UkMHFtG5X+F/9x6qKq8wdZeVd3vNz+g==",
            "output_file_mode": null,
            "output_md5": "2c454bdace1618ebed4d5d6c03c066aa",
            "output_path": "./lambdaSourceCode/lambda_handler.zip",
            "output_sha": "250f881d08a060e7a6b82b9b5eac189ffc3ea721",
            "output_sha256": "ce0f3062667d314d7fe3cf02aca12ddf497438c29944bec42bd7aaecb587ff2f",
            "output_sha512": "ddbaadc0c50ecf227310a06e4fab43a1cc776491172a4eb50d41977cd4575b4d3ebde690074f41595dd490c1c5b46e57f85ffdc7aa8aabcc1d65e55ddef373fa",
            "output_size": 1101641,
            "source": [],
            "source_content": null,
            "source_content_filename": null,
            "source_dir": "./lambdaSourceCode/",
            "source_file": null,
            "type": "zip"
          },
          "sensitive_attributes": []
        }
      ]
    },
    {
      "mode": "managed",
      "type": "aws_apigatewayv2_api",
      "name": "Grafana_API_Email",
      "provider": "provider[\"registry.terraform.io/hashicorp/aws\"]",
      "instances": [
        {
          "schema_version": 0,
          "attributes": {
            "api_endpoint": "https://z3w5rxgjoi.execute-api.eu-central-1.amazonaws.com",
            "api_key_selection_expression": "$request.header.x-api-key",
            "arn": "arn:aws:apigateway:eu-central-1::/apis/z3w5rxgjoi",
            "body": null,
            "cors_configuration": [],
            "credentials_arn": null,
            "description": "",
            "disable_execute_api_endpoint": false,
            "execution_arn": "arn:aws:execute-api:eu-central-1:533212200538:z3w5rxgjoi",
            "fail_on_warnings": null,
            "id": "z3w5rxgjoi",
            "name": "Grafana_API_Email",
            "protocol_type": "HTTP",
            "route_key": null,
            "route_selection_expression": "$request.method $request.path",
            "tags": null,
            "tags_all": {},
            "target": null,
            "version": ""
          },
          "sensitive_attributes": [],
          "private": "bnVsbA=="
        }
      ]
    },
    {
      "mode": "managed",
      "type": "aws_apigatewayv2_integration",
      "name": "api_integrate",
      "provider": "provider[\"registry.terraform.io/hashicorp/aws\"]",
      "instances": [
        {
          "schema_version": 0,
          "attributes": {
            "api_id": "z3w5rxgjoi",
            "connection_id": "",
            "connection_type": "INTERNET",
            "content_handling_strategy": "",
            "credentials_arn": "",
            "description": "",
            "id": "bi95gub",
            "integration_method": "POST",
            "integration_response_selection_expression": "",
            "integration_subtype": "",
            "integration_type": "AWS_PROXY",
            "integration_uri": "arn:aws:apigateway:eu-central-1:lambda:path/2015-03-31/functions/arn:aws:lambda:eu-central-1:533212200538:function:Grafana_Lambda_Email/invocations",
            "passthrough_behavior": "",
            "payload_format_version": "1.0",
            "request_parameters": null,
            "request_templates": null,
            "response_parameters": [],
            "template_selection_expression": "",
            "timeout_milliseconds": 30000,
            "tls_config": []
          },
          "sensitive_attributes": [],
          "private": "bnVsbA==",
          "dependencies": [
            "aws_apigatewayv2_api.Grafana_API_Email",
            "aws_iam_policy.policy_four",
            "aws_iam_policy.policy_one",
            "aws_iam_policy.policy_three",
            "aws_iam_policy.policy_two",
            "aws_iam_role.lambda_role",
            "aws_lambda_function.email_lambda_func"
          ]
        }
      ]
    },
    {
      "mode": "managed",
      "type": "aws_apigatewayv2_route",
      "name": "any",
      "provider": "provider[\"registry.terraform.io/hashicorp/aws\"]",
      "instances": [
        {
          "schema_version": 0,
          "attributes": {
            "api_id": "z3w5rxgjoi",
            "api_key_required": false,
            "authorization_scopes": null,
            "authorization_type": "NONE",
            "authorizer_id": "",
            "id": "zy3n4do",
            "model_selection_expression": "",
            "operation_name": "",
            "request_models": null,
            "request_parameter": [],
            "route_key": "ANY /",
            "route_response_selection_expression": "",
            "target": "integrations/bi95gub"
          },
          "sensitive_attributes": [],
          "private": "bnVsbA==",
          "dependencies": [
            "aws_apigatewayv2_api.Grafana_API_Email",
            "aws_apigatewayv2_integration.api_integrate",
            "aws_iam_policy.policy_four",
            "aws_iam_policy.policy_one",
            "aws_iam_policy.policy_three",
            "aws_iam_policy.policy_two",
            "aws_iam_role.lambda_role",
            "aws_lambda_function.email_lambda_func"
          ]
        }
      ]
    },
    {
      "mode": "managed",
      "type": "aws_apigatewayv2_stage",
      "name": "Grafana_API_Email",
      "provider": "provider[\"registry.terraform.io/hashicorp/aws\"]",
      "instances": [
        {
          "schema_version": 0,
          "attributes": {
            "access_log_settings": [],
            "api_id": "z3w5rxgjoi",
            "arn": "arn:aws:apigateway:eu-central-1::/apis/z3w5rxgjoi/stages/GrafanaURL_Email",
            "auto_deploy": true,
            "client_certificate_id": "",
            "default_route_settings": [
              {
                "data_trace_enabled": false,
                "detailed_metrics_enabled": false,
                "logging_level": "",
                "throttling_burst_limit": 0,
                "throttling_rate_limit": 0
              }
            ],
            "deployment_id": "",
            "description": "",
            "execution_arn": "arn:aws:execute-api:eu-central-1:533212200538:z3w5rxgjoi/GrafanaURL_Email",
            "id": "GrafanaURL_Email",
            "invoke_url": "https://z3w5rxgjoi.execute-api.eu-central-1.amazonaws.com/GrafanaURL_Email",
            "name": "GrafanaURL_Email",
            "route_settings": [],
            "stage_variables": null,
            "tags": null,
            "tags_all": {}
          },
          "sensitive_attributes": [],
          "private": "bnVsbA==",
          "dependencies": [
            "aws_apigatewayv2_api.Grafana_API_Email"
          ]
        }
      ]
    },
    {
      "mode": "managed",
      "type": "aws_cloudwatch_log_group",
      "name": "GrafanaEmail_api_gw",
      "provider": "provider[\"registry.terraform.io/hashicorp/aws\"]",
      "instances": [
        {
          "schema_version": 0,
          "attributes": {
            "arn": "arn:aws:logs:eu-central-1:533212200538:log-group:/aws/api-gw/Grafana_API_Email",
            "id": "/aws/api-gw/Grafana_API_Email",
            "kms_key_id": "",
            "name": "/aws/api-gw/Grafana_API_Email",
            "name_prefix": "",
            "retention_in_days": 14,
            "skip_destroy": false,
            "tags": null,
            "tags_all": {}
          },
          "sensitive_attributes": [],
          "private": "bnVsbA==",
          "dependencies": [
            "aws_apigatewayv2_api.Grafana_API_Email"
          ]
        }
      ]
    },
    {
      "mode": "managed",
      "type": "aws_iam_policy",
      "name": "policy_four",
      "provider": "provider[\"registry.terraform.io/hashicorp/aws\"]",
      "instances": [
        {
          "schema_version": 0,
          "attributes": {
            "arn": "arn:aws:iam::533212200538:policy/policy-4",
            "description": "",
            "id": "arn:aws:iam::533212200538:policy/policy-4",
            "name": "policy-4",
            "name_prefix": "",
            "path": "/",
            "policy": "{\"Id\":\"key-policy\",\"Statement\":[{\"Action\":\"kms:Encrypt\",\"Effect\":\"Allow\",\"Resource\":\"*\"}],\"Version\":\"2012-10-17\"}",
            "policy_id": "ANPAXYJPMPZNFCK3FVZBU",
            "tags": null,
            "tags_all": {}
          },
          "sensitive_attributes": [],
          "private": "bnVsbA=="
        }
      ]
    },
    {
      "mode": "managed",
      "type": "aws_iam_policy",
      "name": "policy_one",
      "provider": "provider[\"registry.terraform.io/hashicorp/aws\"]",
      "instances": [
        {
          "schema_version": 0,
          "attributes": {
            "arn": "arn:aws:iam::533212200538:policy/policy-1",
            "description": "",
            "id": "arn:aws:iam::533212200538:policy/policy-1",
            "name": "policy-1",
            "name_prefix": "",
            "path": "/",
            "policy": "{\"Statement\":[{\"Action\":[\"logs:CreateLogGroup\",\"logs:CreateLogStream\",\"logs:PutLogEvents\"],\"Effect\":\"Allow\",\"Resource\":\"arn:aws:logs:*:*:*\"}],\"Version\":\"2012-10-17\"}",
            "policy_id": "ANPAXYJPMPZNNSSKICITH",
            "tags": null,
            "tags_all": {}
          },
          "sensitive_attributes": [],
          "private": "bnVsbA=="
        }
      ]
    },
    {
      "mode": "managed",
      "type": "aws_iam_policy",
      "name": "policy_three",
      "provider": "provider[\"registry.terraform.io/hashicorp/aws\"]",
      "instances": [
        {
          "schema_version": 0,
          "attributes": {
            "arn": "arn:aws:iam::533212200538:policy/policy-3",
            "description": "",
            "id": "arn:aws:iam::533212200538:policy/policy-3",
            "name": "policy-3",
            "name_prefix": "",
            "path": "/",
            "policy": "{\"Statement\":[{\"Action\":\"timestream:*\",\"Effect\":\"Allow\",\"Resource\":\"*\"}],\"Version\":\"2012-10-17\"}",
            "policy_id": "ANPAXYJPMPZNNYKQKASF7",
            "tags": null,
            "tags_all": {}
          },
          "sensitive_attributes": [],
          "private": "bnVsbA=="
        }
      ]
    },
    {
      "mode": "managed",
      "type": "aws_iam_policy",
      "name": "policy_two",
      "provider": "provider[\"registry.terraform.io/hashicorp/aws\"]",
      "instances": [
        {
          "schema_version": 0,
          "attributes": {
            "arn": "arn:aws:iam::533212200538:policy/policy-2",
            "description": "",
            "id": "arn:aws:iam::533212200538:policy/policy-2",
            "name": "policy-2",
            "name_prefix": "",
            "path": "/",
            "policy": "{\"Statement\":[{\"Action\":\"sns:*\",\"Effect\":\"Allow\",\"Resource\":\"*\"}],\"Version\":\"2012-10-17\"}",
            "policy_id": "ANPAXYJPMPZNOUWZUXNQU",
            "tags": null,
            "tags_all": {}
          },
          "sensitive_attributes": [],
          "private": "bnVsbA=="
        }
      ]
    },
    {
      "mode": "managed",
      "type": "aws_iam_role",
      "name": "lambda_role",
      "provider": "provider[\"registry.terraform.io/hashicorp/aws\"]",
      "instances": [
        {
          "schema_version": 0,
          "attributes": {
            "arn": "arn:aws:iam::533212200538:role/lambda_role_email",
            "assume_role_policy": "{\"Statement\":[{\"Action\":\"sts:AssumeRole\",\"Effect\":\"Allow\",\"Principal\":{\"Service\":\"lambda.amazonaws.com\"},\"Sid\":\"\"}],\"Version\":\"2012-10-17\"}",
            "create_date": "2023-12-05T00:53:08Z",
            "description": "",
            "force_detach_policies": false,
            "id": "lambda_role_email",
            "inline_policy": [],
            "managed_policy_arns": [
              "arn:aws:iam::533212200538:policy/policy-1",
              "arn:aws:iam::533212200538:policy/policy-2",
              "arn:aws:iam::533212200538:policy/policy-3",
              "arn:aws:iam::533212200538:policy/policy-4"
            ],
            "max_session_duration": 3600,
            "name": "lambda_role_email",
            "name_prefix": "",
            "path": "/",
            "permissions_boundary": "",
            "tags": null,
            "tags_all": {},
            "unique_id": "AROAXYJPMPZNJLPMWS7IC"
          },
          "sensitive_attributes": [],
          "private": "bnVsbA==",
          "dependencies": [
            "aws_iam_policy.policy_four",
            "aws_iam_policy.policy_one",
            "aws_iam_policy.policy_three",
            "aws_iam_policy.policy_two"
          ]
        }
      ]
    },
    {
      "mode": "managed",
      "type": "aws_lambda_function",
      "name": "email_lambda_func",
      "provider": "provider[\"registry.terraform.io/hashicorp/aws\"]",
      "instances": [
        {
          "schema_version": 0,
          "attributes": {
            "architectures": [
              "x86_64"
            ],
            "arn": "arn:aws:lambda:eu-central-1:533212200538:function:Grafana_Lambda_Email",
            "code_signing_config_arn": "",
            "dead_letter_config": [],
            "description": "",
            "environment": [
              {
                "variables": {
                  "API_TOKEN": "eyJrIjoiMjI1Q2dybG5UbVRWNURjSmlaRmp6SzQ5bnlsaDlTMFYiLCJuIjoiZ3JhZmFuYV91cmxfYXBpIiwiaWQiOjF9",
                  "GRAFANA_PWD": "avinish1234",
                  "GRAFANA_UNAME": "admin",
                  "GRAFANA_URL": "http://35.154.192.43:3000/api",
                  "REGION_NAME": "eu-central-1",
                  "SNS_ARN": "arn:aws:sns:eu-central-1:533212200538:ERR_TOPIC",
                  "TS_DB": "Grafana_Logs",
                  "TS_TABLE": "request_data"
                }
              }
            ],
            "ephemeral_storage": [
              {
                "size": 512
              }
            ],
            "file_system_config": [],
            "filename": "./lambdaSourceCode/lambda_handler.zip",
            "function_name": "Grafana_Lambda_Email",
            "handler": "lambda_handler.lambda_handler",
            "id": "Grafana_Lambda_Email",
            "image_config": [],
            "image_uri": "",
            "invoke_arn": "arn:aws:apigateway:eu-central-1:lambda:path/2015-03-31/functions/arn:aws:lambda:eu-central-1:533212200538:function:Grafana_Lambda_Email/invocations",
            "kms_key_arn": "",
            "last_modified": "2023-12-05T00:53:15.902+0000",
            "layers": null,
            "memory_size": 128,
            "package_type": "Zip",
            "publish": false,
            "qualified_arn": "arn:aws:lambda:eu-central-1:533212200538:function:Grafana_Lambda_Email:$LATEST",
            "qualified_invoke_arn": "arn:aws:apigateway:eu-central-1:lambda:path/2015-03-31/functions/arn:aws:lambda:eu-central-1:533212200538:function:Grafana_Lambda_Email:$LATEST/invocations",
            "replace_security_groups_on_destroy": null,
            "replacement_security_group_ids": null,
            "reserved_concurrent_executions": -1,
            "role": "arn:aws:iam::533212200538:role/lambda_role_email",
            "runtime": "python3.9",
            "s3_bucket": null,
            "s3_key": null,
            "s3_object_version": null,
            "signing_job_arn": "",
            "signing_profile_version_arn": "",
            "skip_destroy": false,
            "snap_start": [],
            "source_code_hash": "zg8wYmZ9MU1/488CrKEt30l0OMKZRL7EK9eq7LWH/y8=",
            "source_code_size": 1101641,
            "tags": null,
            "tags_all": {},
            "timeout": 3,
            "timeouts": null,
            "tracing_config": [
              {
                "mode": "PassThrough"
              }
            ],
            "version": "$LATEST",
            "vpc_config": []
          },
          "sensitive_attributes": [],
          "private": "eyJlMmJmYjczMC1lY2FhLTExZTYtOGY4OC0zNDM2M2JjN2M0YzAiOnsiY3JlYXRlIjo2MDAwMDAwMDAwMDAsImRlbGV0ZSI6NjAwMDAwMDAwMDAwLCJ1cGRhdGUiOjYwMDAwMDAwMDAwMH19",
          "dependencies": [
            "aws_iam_policy.policy_four",
            "aws_iam_policy.policy_one",
            "aws_iam_policy.policy_three",
            "aws_iam_policy.policy_two",
            "aws_iam_role.lambda_role"
          ]
        }
      ]
    },
    {
      "mode": "managed",
      "type": "aws_lambda_permission",
      "name": "api_gw",
      "provider": "provider[\"registry.terraform.io/hashicorp/aws\"]",
      "instances": [
        {
          "schema_version": 0,
          "attributes": {
            "action": "lambda:InvokeFunction",
            "event_source_token": null,
            "function_name": "Grafana_Lambda_Email",
            "function_url_auth_type": null,
            "id": "AllowExecutionFromAPIGateway",
            "principal": "apigateway.amazonaws.com",
            "principal_org_id": null,
            "qualifier": "",
            "source_account": null,
            "source_arn": "arn:aws:execute-api:eu-central-1:533212200538:z3w5rxgjoi/*/*",
            "statement_id": "AllowExecutionFromAPIGateway",
            "statement_id_prefix": ""
          },
          "sensitive_attributes": [],
          "private": "bnVsbA==",
          "dependencies": [
            "aws_apigatewayv2_api.Grafana_API_Email",
            "aws_iam_policy.policy_four",
            "aws_iam_policy.policy_one",
            "aws_iam_policy.policy_three",
            "aws_iam_policy.policy_two",
            "aws_iam_role.lambda_role",
            "aws_lambda_function.email_lambda_func"
          ]
        }
      ]
    },
    {
      "mode": "managed",
      "type": "aws_lambda_permission",
      "name": "lambda_sns",
      "provider": "provider[\"registry.terraform.io/hashicorp/aws\"]",
      "instances": [
        {
          "schema_version": 0,
          "attributes": {
            "action": "lambda:InvokeFunction",
            "event_source_token": null,
            "function_name": "Grafana_Lambda_Email",
            "function_url_auth_type": null,
            "id": "AllowExecutionFromSNS",
            "principal": "sns.amazonaws.com",
            "principal_org_id": null,
            "qualifier": "",
            "source_account": null,
            "source_arn": "arn:aws:sns:eu-central-1:533212200538:ERR_TOPIC",
            "statement_id": "AllowExecutionFromSNS",
            "statement_id_prefix": ""
          },
          "sensitive_attributes": [],
          "private": "bnVsbA==",
          "dependencies": [
            "aws_iam_policy.policy_four",
            "aws_iam_policy.policy_one",
            "aws_iam_policy.policy_three",
            "aws_iam_policy.policy_two",
            "aws_iam_role.lambda_role",
            "aws_lambda_function.email_lambda_func",
            "aws_sns_topic.ERR_TOPIC"
          ]
        }
      ]
    },
    {
      "mode": "managed",
      "type": "aws_sns_topic",
      "name": "ERR_TOPIC",
      "provider": "provider[\"registry.terraform.io/hashicorp/aws\"]",
      "instances": [
        {
          "schema_version": 0,
          "attributes": {
            "application_failure_feedback_role_arn": "",
            "application_success_feedback_role_arn": "",
            "application_success_feedback_sample_rate": 0,
            "archive_policy": "",
            "arn": "arn:aws:sns:eu-central-1:533212200538:ERR_TOPIC",
            "beginning_archive_time": "",
            "content_based_deduplication": false,
            "delivery_policy": "",
            "display_name": "",
            "fifo_topic": false,
            "firehose_failure_feedback_role_arn": "",
            "firehose_success_feedback_role_arn": "",
            "firehose_success_feedback_sample_rate": 0,
            "http_failure_feedback_role_arn": "",
            "http_success_feedback_role_arn": "",
            "http_success_feedback_sample_rate": 0,
            "id": "arn:aws:sns:eu-central-1:533212200538:ERR_TOPIC",
            "kms_master_key_id": "",
            "lambda_failure_feedback_role_arn": "",
            "lambda_success_feedback_role_arn": "",
            "lambda_success_feedback_sample_rate": 0,
            "name": "ERR_TOPIC",
            "name_prefix": "",
            "owner": "533212200538",
            "policy": "{\"Id\":\"__default_policy_ID\",\"Statement\":[{\"Action\":[\"SNS:GetTopicAttributes\",\"SNS:SetTopicAttributes\",\"SNS:AddPermission\",\"SNS:RemovePermission\",\"SNS:DeleteTopic\",\"SNS:Subscribe\",\"SNS:ListSubscriptionsByTopic\",\"SNS:Publish\"],\"Condition\":{\"StringEquals\":{\"AWS:SourceOwner\":\"533212200538\"}},\"Effect\":\"Allow\",\"Principal\":{\"AWS\":\"*\"},\"Resource\":\"arn:aws:sns:eu-central-1:533212200538:ERR_TOPIC\",\"Sid\":\"__default_statement_ID\"}],\"Version\":\"2008-10-17\"}",
            "signature_version": 0,
            "sqs_failure_feedback_role_arn": "",
            "sqs_success_feedback_role_arn": "",
            "sqs_success_feedback_sample_rate": 0,
            "tags": null,
            "tags_all": {},
            "tracing_config": ""
          },
          "sensitive_attributes": [],
          "private": "bnVsbA=="
        }
      ]
    },
    {
      "mode": "managed",
      "type": "aws_sns_topic_subscription",
      "name": "sns_subscription",
      "provider": "provider[\"registry.terraform.io/hashicorp/aws\"]",
      "instances": [
        {
          "schema_version": 0,
          "attributes": {
            "arn": "arn:aws:sns:eu-central-1:533212200538:ERR_TOPIC:47c7b049-30d3-43a9-8654-694cf6bcb99f",
            "confirmation_timeout_in_minutes": 1,
            "confirmation_was_authenticated": true,
            "delivery_policy": "",
            "endpoint": "arn:aws:lambda:eu-central-1:533212200538:function:Grafana_Lambda_Email",
            "endpoint_auto_confirms": false,
            "filter_policy": "",
            "filter_policy_scope": "",
            "id": "arn:aws:sns:eu-central-1:533212200538:ERR_TOPIC:47c7b049-30d3-43a9-8654-694cf6bcb99f",
            "owner_id": "533212200538",
            "pending_confirmation": false,
            "protocol": "lambda",
            "raw_message_delivery": false,
            "redrive_policy": "",
            "replay_policy": "",
            "subscription_role_arn": "",
            "topic_arn": "arn:aws:sns:eu-central-1:533212200538:ERR_TOPIC"
          },
          "sensitive_attributes": [],
          "private": "bnVsbA==",
          "dependencies": [
            "aws_iam_policy.policy_four",
            "aws_iam_policy.policy_one",
            "aws_iam_policy.policy_three",
            "aws_iam_policy.policy_two",
            "aws_iam_role.lambda_role",
            "aws_lambda_function.email_lambda_func",
            "aws_sns_topic.ERR_TOPIC"
          ]
        }
      ]
    }
  ],
  "check_results": null
}
