{
  "version": 4,
  "terraform_version": "1.6.5",
  "serial": 160,
  "lineage": "7104fdc3-44ea-aa6e-a87b-94fd24d8dd5a",
  "outputs": {},
  "resources": [
    {
      "mode": "data",
      "type": "archive_file",
      "name": "zip_the_python_code",
      "provider": "provider[\"registry.terraform.io/hashicorp/archive\"]",
      "instances": [
        {
          "schema_version": 0,
          "attributes": {
            "exclude_symlink_directories": null,
            "excludes": null,
            "id": "1c0ffe75844e4ec46af2fb81fd1a23eb551eb678",
            "output_base64sha256": "XOMxCbmv1Ajw1IzhoQbNxmaldPLOznBr3FJjUcXX1Lg=",
            "output_base64sha512": "K5Mik2j/SI06uQdj/u1qMqHrII9wvLF0tfBt1h+YtWmlgOzY14pWOzpIlluXpHeB7XdkDCn+RBNtH7dmQgzw8w==",
            "output_file_mode": null,
            "output_md5": "0c9c388ece5be912e303b7722c4e758a",
            "output_path": "./lambdaSourceCode/lambda_handler.zip",
            "output_sha": "1c0ffe75844e4ec46af2fb81fd1a23eb551eb678",
            "output_sha256": "5ce33109b9afd408f0d48ce1a106cdc666a574f2cece706bdc526351c5d7d4b8",
            "output_sha512": "2b93229368ff488d3ab90763feed6a32a1eb208f70bcb174b5f06dd61f98b569a580ecd8d78a563b3a48965b97a47781ed77640c29fe44136d1fb766420cf0f3",
            "output_size": 1100272,
            "source": [],
            "source_content": null,
            "source_content_filename": null,
            "source_dir": "./lambdaSourceCode/",
            "source_file": null,
            "type": "zip"
          },
          "sensitive_attributes": []
        }
      ]
    },
    {
      "mode": "managed",
      "type": "aws_apigatewayv2_api",
      "name": "create_api",
      "provider": "provider[\"registry.terraform.io/hashicorp/aws\"]",
      "instances": [
        {
          "schema_version": 0,
          "attributes": {
            "api_endpoint": "https://eh80rd0pof.execute-api.eu-central-1.amazonaws.com",
            "api_key_selection_expression": "$request.header.x-api-key",
            "arn": "arn:aws:apigateway:eu-central-1::/apis/eh80rd0pof",
            "body": null,
            "cors_configuration": [],
            "credentials_arn": null,
            "description": "",
            "disable_execute_api_endpoint": false,
            "execution_arn": "arn:aws:execute-api:eu-central-1:533212200538:eh80rd0pof",
            "fail_on_warnings": null,
            "id": "eh80rd0pof",
            "name": "create_api",
            "protocol_type": "HTTP",
            "route_key": null,
            "route_selection_expression": "$request.method $request.path",
            "tags": {},
            "tags_all": {},
            "target": null,
            "version": ""
          },
          "sensitive_attributes": [],
          "private": "bnVsbA=="
        }
      ]
    },
    {
      "mode": "managed",
      "type": "aws_apigatewayv2_integration",
      "name": "api_integrate",
      "provider": "provider[\"registry.terraform.io/hashicorp/aws\"]",
      "instances": [
        {
          "schema_version": 0,
          "attributes": {
            "api_id": "eh80rd0pof",
            "connection_id": "",
            "connection_type": "INTERNET",
            "content_handling_strategy": "",
            "credentials_arn": "",
            "description": "",
            "id": "7g39zyd",
            "integration_method": "POST",
            "integration_response_selection_expression": "",
            "integration_subtype": "",
            "integration_type": "AWS_PROXY",
            "integration_uri": "arn:aws:apigateway:eu-central-1:lambda:path/2015-03-31/functions/arn:aws:lambda:eu-central-1:533212200538:function:Grafana-Lambda-API-Function/invocations",
            "passthrough_behavior": "",
            "payload_format_version": "1.0",
            "request_parameters": null,
            "request_templates": null,
            "response_parameters": [],
            "template_selection_expression": "",
            "timeout_milliseconds": 30000,
            "tls_config": []
          },
          "sensitive_attributes": [],
          "private": "bnVsbA==",
          "dependencies": [
            "aws_apigatewayv2_api.create_api",
            "aws_iam_policy.policy_four",
            "aws_iam_policy.policy_one",
            "aws_iam_policy.policy_three",
            "aws_iam_policy.policy_two",
            "aws_iam_role.lambda_role",
            "aws_lambda_function.lambda_func_conf"
          ]
        }
      ]
    },
    {
      "mode": "managed",
      "type": "aws_apigatewayv2_route",
      "name": "any",
      "provider": "provider[\"registry.terraform.io/hashicorp/aws\"]",
      "instances": [
        {
          "schema_version": 0,
          "attributes": {
            "api_id": "eh80rd0pof",
            "api_key_required": false,
            "authorization_scopes": null,
            "authorization_type": "NONE",
            "authorizer_id": "",
            "id": "q9pxkuh",
            "model_selection_expression": "",
            "operation_name": "",
            "request_models": null,
            "request_parameter": [],
            "route_key": "ANY /",
            "route_response_selection_expression": "",
            "target": "integrations/7g39zyd"
          },
          "sensitive_attributes": [],
          "private": "bnVsbA==",
          "dependencies": [
            "aws_apigatewayv2_api.create_api",
            "aws_apigatewayv2_integration.api_integrate",
            "aws_iam_policy.policy_four",
            "aws_iam_policy.policy_one",
            "aws_iam_policy.policy_three",
            "aws_iam_policy.policy_two",
            "aws_iam_role.lambda_role",
            "aws_lambda_function.lambda_func_conf"
          ]
        }
      ]
    },
    {
      "mode": "managed",
      "type": "aws_apigatewayv2_stage",
      "name": "staging",
      "provider": "provider[\"registry.terraform.io/hashicorp/aws\"]",
      "instances": [
        {
          "schema_version": 0,
          "attributes": {
            "access_log_settings": [],
            "api_id": "eh80rd0pof",
            "arn": "arn:aws:apigateway:eu-central-1::/apis/eh80rd0pof/stages/GrafanaURL",
            "auto_deploy": true,
            "client_certificate_id": "",
            "default_route_settings": [
              {
                "data_trace_enabled": false,
                "detailed_metrics_enabled": false,
                "logging_level": "",
                "throttling_burst_limit": 0,
                "throttling_rate_limit": 0
              }
            ],
            "deployment_id": "",
            "description": "",
            "execution_arn": "arn:aws:execute-api:eu-central-1:533212200538:eh80rd0pof/GrafanaURL",
            "id": "GrafanaURL",
            "invoke_url": "https://eh80rd0pof.execute-api.eu-central-1.amazonaws.com/GrafanaURL",
            "name": "GrafanaURL",
            "route_settings": [],
            "stage_variables": {},
            "tags": {},
            "tags_all": {}
          },
          "sensitive_attributes": [],
          "private": "bnVsbA==",
          "dependencies": [
            "aws_apigatewayv2_api.create_api"
          ]
        }
      ]
    },
    {
      "mode": "managed",
      "type": "aws_cloudwatch_log_group",
      "name": "create_api_api_gw",
      "provider": "provider[\"registry.terraform.io/hashicorp/aws\"]",
      "instances": [
        {
          "schema_version": 0,
          "attributes": {
            "arn": "arn:aws:logs:eu-central-1:533212200538:log-group:/aws/api-gw/create_api",
            "id": "/aws/api-gw/create_api",
            "kms_key_id": "",
            "name": "/aws/api-gw/create_api",
            "name_prefix": "",
            "retention_in_days": 14,
            "skip_destroy": false,
            "tags": {},
            "tags_all": {}
          },
          "sensitive_attributes": [],
          "private": "bnVsbA==",
          "dependencies": [
            "aws_apigatewayv2_api.create_api"
          ]
        }
      ]
    },
    {
      "mode": "managed",
      "type": "aws_iam_policy",
      "name": "policy_four",
      "provider": "provider[\"registry.terraform.io/hashicorp/aws\"]",
      "instances": [
        {
          "schema_version": 0,
          "attributes": {
            "arn": "arn:aws:iam::533212200538:policy/policy-4",
            "description": "",
            "id": "arn:aws:iam::533212200538:policy/policy-4",
            "name": "policy-4",
            "name_prefix": "",
            "path": "/",
            "policy": "{\"Id\":\"key-policy\",\"Statement\":[{\"Action\":\"kms:Encrypt\",\"Effect\":\"Allow\",\"Resource\":\"*\"}],\"Version\":\"2012-10-17\"}",
            "policy_id": "ANPAXYJPMPZNB4BJZGNR4",
            "tags": null,
            "tags_all": {}
          },
          "sensitive_attributes": [],
          "private": "bnVsbA=="
        }
      ]
    },
    {
      "mode": "managed",
      "type": "aws_iam_policy",
      "name": "policy_one",
      "provider": "provider[\"registry.terraform.io/hashicorp/aws\"]",
      "instances": [
        {
          "schema_version": 0,
          "attributes": {
            "arn": "arn:aws:iam::533212200538:policy/policy-1",
            "description": "",
            "id": "arn:aws:iam::533212200538:policy/policy-1",
            "name": "policy-1",
            "name_prefix": "",
            "path": "/",
            "policy": "{\"Statement\":[{\"Action\":[\"logs:CreateLogGroup\",\"logs:CreateLogStream\",\"logs:PutLogEvents\"],\"Effect\":\"Allow\",\"Resource\":\"arn:aws:logs:*:*:*\"}],\"Version\":\"2012-10-17\"}",
            "policy_id": "ANPAXYJPMPZND3EDDWKHC",
            "tags": {},
            "tags_all": {}
          },
          "sensitive_attributes": [],
          "private": "bnVsbA=="
        }
      ]
    },
    {
      "mode": "managed",
      "type": "aws_iam_policy",
      "name": "policy_three",
      "provider": "provider[\"registry.terraform.io/hashicorp/aws\"]",
      "instances": [
        {
          "schema_version": 0,
          "attributes": {
            "arn": "arn:aws:iam::533212200538:policy/policy-3",
            "description": "",
            "id": "arn:aws:iam::533212200538:policy/policy-3",
            "name": "policy-3",
            "name_prefix": "",
            "path": "/",
            "policy": "{\"Statement\":[{\"Action\":\"timestream:*\",\"Effect\":\"Allow\",\"Resource\":\"*\"}],\"Version\":\"2012-10-17\"}",
            "policy_id": "ANPAXYJPMPZNK6M6QYNVX",
            "tags": {},
            "tags_all": {}
          },
          "sensitive_attributes": [],
          "private": "bnVsbA=="
        }
      ]
    },
    {
      "mode": "managed",
      "type": "aws_iam_policy",
      "name": "policy_two",
      "provider": "provider[\"registry.terraform.io/hashicorp/aws\"]",
      "instances": [
        {
          "schema_version": 0,
          "attributes": {
            "arn": "arn:aws:iam::533212200538:policy/policy-2",
            "description": "",
            "id": "arn:aws:iam::533212200538:policy/policy-2",
            "name": "policy-2",
            "name_prefix": "",
            "path": "/",
            "policy": "{\"Statement\":[{\"Action\":\"sns:*\",\"Effect\":\"Allow\",\"Resource\":\"*\"}],\"Version\":\"2012-10-17\"}",
            "policy_id": "ANPAXYJPMPZNOPRCBMJQB",
            "tags": {},
            "tags_all": {}
          },
          "sensitive_attributes": [],
          "private": "bnVsbA=="
        }
      ]
    },
    {
      "mode": "managed",
      "type": "aws_iam_role",
      "name": "lambda_role",
      "provider": "provider[\"registry.terraform.io/hashicorp/aws\"]",
      "instances": [
        {
          "schema_version": 0,
          "attributes": {
            "arn": "arn:aws:iam::533212200538:role/lambda_role_org",
            "assume_role_policy": "{\"Statement\":[{\"Action\":\"sts:AssumeRole\",\"Effect\":\"Allow\",\"Principal\":{\"Service\":\"lambda.amazonaws.com\"},\"Sid\":\"\"}],\"Version\":\"2012-10-17\"}",
            "create_date": "2023-12-05T00:26:02Z",
            "description": "",
            "force_detach_policies": false,
            "id": "lambda_role_org",
            "inline_policy": [],
            "managed_policy_arns": [
              "arn:aws:iam::533212200538:policy/policy-1",
              "arn:aws:iam::533212200538:policy/policy-2",
              "arn:aws:iam::533212200538:policy/policy-3",
              "arn:aws:iam::533212200538:policy/policy-4"
            ],
            "max_session_duration": 3600,
            "name": "lambda_role_org",
            "name_prefix": "",
            "path": "/",
            "permissions_boundary": "",
            "tags": null,
            "tags_all": {},
            "unique_id": "AROAXYJPMPZNEX6BBE4MY"
          },
          "sensitive_attributes": [],
          "private": "bnVsbA==",
          "dependencies": [
            "aws_iam_policy.policy_four",
            "aws_iam_policy.policy_one",
            "aws_iam_policy.policy_three",
            "aws_iam_policy.policy_two"
          ]
        }
      ]
    },
    {
      "mode": "managed",
      "type": "aws_lambda_function",
      "name": "lambda_func_conf",
      "provider": "provider[\"registry.terraform.io/hashicorp/aws\"]",
      "instances": [
        {
          "schema_version": 0,
          "attributes": {
            "architectures": [
              "x86_64"
            ],
            "arn": "arn:aws:lambda:eu-central-1:533212200538:function:Grafana-Lambda-API-Function",
            "code_signing_config_arn": "",
            "dead_letter_config": [],
            "description": "",
            "environment": [],
            "ephemeral_storage": [
              {
                "size": 512
              }
            ],
            "file_system_config": [],
            "filename": "./lambdaSourceCode/lambda_handler.zip",
            "function_name": "Grafana-Lambda-API-Function",
            "handler": "lambda_handler.lambda_handler",
            "id": "Grafana-Lambda-API-Function",
            "image_config": [],
            "image_uri": "",
            "invoke_arn": "arn:aws:apigateway:eu-central-1:lambda:path/2015-03-31/functions/arn:aws:lambda:eu-central-1:533212200538:function:Grafana-Lambda-API-Function/invocations",
            "kms_key_arn": "",
            "last_modified": "2023-12-05T00:26:10.010+0000",
            "layers": null,
            "memory_size": 128,
            "package_type": "Zip",
            "publish": false,
            "qualified_arn": "arn:aws:lambda:eu-central-1:533212200538:function:Grafana-Lambda-API-Function:$LATEST",
            "qualified_invoke_arn": "arn:aws:apigateway:eu-central-1:lambda:path/2015-03-31/functions/arn:aws:lambda:eu-central-1:533212200538:function:Grafana-Lambda-API-Function:$LATEST/invocations",
            "replace_security_groups_on_destroy": null,
            "replacement_security_group_ids": null,
            "reserved_concurrent_executions": -1,
            "role": "arn:aws:iam::533212200538:role/lambda_role_org",
            "runtime": "python3.9",
            "s3_bucket": null,
            "s3_key": null,
            "s3_object_version": null,
            "signing_job_arn": "",
            "signing_profile_version_arn": "",
            "skip_destroy": false,
            "snap_start": [],
            "source_code_hash": "XOMxCbmv1Ajw1IzhoQbNxmaldPLOznBr3FJjUcXX1Lg=",
            "source_code_size": 1100272,
            "tags": null,
            "tags_all": {},
            "timeout": 3,
            "timeouts": null,
            "tracing_config": [
              {
                "mode": "PassThrough"
              }
            ],
            "version": "$LATEST",
            "vpc_config": []
          },
          "sensitive_attributes": [],
          "private": "eyJlMmJmYjczMC1lY2FhLTExZTYtOGY4OC0zNDM2M2JjN2M0YzAiOnsiY3JlYXRlIjo2MDAwMDAwMDAwMDAsImRlbGV0ZSI6NjAwMDAwMDAwMDAwLCJ1cGRhdGUiOjYwMDAwMDAwMDAwMH19",
          "dependencies": [
            "aws_iam_policy.policy_four",
            "aws_iam_policy.policy_one",
            "aws_iam_policy.policy_three",
            "aws_iam_policy.policy_two",
            "aws_iam_role.lambda_role"
          ]
        }
      ]
    },
    {
      "mode": "managed",
      "type": "aws_lambda_permission",
      "name": "api_gw",
      "provider": "provider[\"registry.terraform.io/hashicorp/aws\"]",
      "instances": [
        {
          "schema_version": 0,
          "attributes": {
            "action": "lambda:InvokeFunction",
            "event_source_token": null,
            "function_name": "Grafana-Lambda-API-Function",
            "function_url_auth_type": null,
            "id": "AllowExecutionFromAPIGateway",
            "principal": "apigateway.amazonaws.com",
            "principal_org_id": null,
            "qualifier": "",
            "source_account": null,
            "source_arn": "arn:aws:execute-api:eu-central-1:533212200538:eh80rd0pof/*/*",
            "statement_id": "AllowExecutionFromAPIGateway",
            "statement_id_prefix": ""
          },
          "sensitive_attributes": [],
          "private": "bnVsbA==",
          "dependencies": [
            "aws_apigatewayv2_api.create_api",
            "aws_iam_policy.policy_four",
            "aws_iam_policy.policy_one",
            "aws_iam_policy.policy_three",
            "aws_iam_policy.policy_two",
            "aws_iam_role.lambda_role",
            "aws_lambda_function.lambda_func_conf"
          ]
        }
      ]
    }
  ],
  "check_results": null
}
